{
  "name": "goldbar-games",
  "version": "1.0.0",
  "lockfileVersion": 1,
  "requires": true,
  "dependencies": {
    "commander": {
      "version": "2.20.0",
      "resolved": "https://registry.npmjs.org/commander/-/commander-2.20.0.tgz",
      "integrity": "sha512-7j2y+40w61zy6YC2iRNpUe/NwhNyoXrYpHMrSunaMG64nRnaf96zO/KMQR4OyN/UnE5KLyEBnKHd4aG3rskjpQ==",
      "dev": true
    },
    "javascript-natural-sort": {
      "version": "0.7.1",
      "resolved": "https://registry.npmjs.org/javascript-natural-sort/-/javascript-natural-sort-0.7.1.tgz",
      "integrity": "sha1-+eIwPUUH9tdDVac2ZNFED7Wg71k=",
      "dev": true,
      "optional": true
    },
    "shoestring": {
      "version": "2.0.1",
      "resolved": "https://registry.npmjs.org/shoestring/-/shoestring-2.0.1.tgz",
      "integrity": "sha512-F2jX6NN5OtZLzmt2Pnsfr4YZf7+H+3oZMTgRubtcS9Q+RuH0jZZASNsHkbrosX3GlHHfCF6QJgih+pxEY/pXhQ==",
      "dev": true
    },
    "source-map": {
      "version": "0.6.1",
      "resolved": "https://registry.npmjs.org/source-map/-/source-map-0.6.1.tgz",
      "integrity": "sha512-UjgapumWlbMhkBgzT7Ykc5YXUT46F0iKu8SGXq0bcwP5dz/h0Plj6enJqjz1Zbq2l5WaqYnrVbwWOWMyF3F47g==",
      "dev": true
    },
    "tablesaw": {
      "version": "3.0.9",
      "resolved": "https://registry.npmjs.org/tablesaw/-/tablesaw-3.0.9.tgz",
      "integrity": "sha512-seUnNrate+hm2dJtHaY/EBdyz1zMz43nprBeoz/7SXt3j4V7FRq2FfwR/a4DC+3I5IpSAQXYH1cTtB+LlJpY9w==",
      "dev": true,
      "requires": {
        "javascript-natural-sort": "^0.7.1",
        "shoestring": "^2.0.0"
      }
    },
    "uglify-js": {
      "version": "3.5.15",
      "resolved": "https://registry.npmjs.org/uglify-js/-/uglify-js-3.5.15.tgz",
      "integrity": "sha512-fe7aYFotptIddkwcm6YuA0HmknBZ52ZzOsUxZEdhhkSsz7RfjHDX2QDxwKTiv4JQ5t5NhfmpgAK+J7LiDhKSqg==",
      "dev": true,
      "requires": {
        "commander": "~2.20.0",
        "source-map": "~0.6.1"
      }
    }
  }
}
